
Microsoft Visual Studio Solution File, Format Version 12.00
# Visual Studio Version 17
VisualStudioVersion = 17.3.32825.248
MinimumVisualStudioVersion = 10.0.40219.1
Project("{9A19103F-16F7-4668-BE54-9A1E7A4F7556}") = "Api", "Api\Api.csproj", "{98229F41-F626-409E-BE39-55F04064B64B}"
EndProject
Project("{9A19103F-16F7-4668-BE54-9A1E7A4F7556}") = "Domain", "Domain\Domain.csproj", "{EAD7E053-8184-42F3-93D2-D9899AAF11B0}"
EndProject
Global
	GlobalSection(SolutionConfigurationPlatforms) = preSolution
		Debug|Any CPU = Debug|Any CPU
		Release|Any CPU = Release|Any CPU
	EndGlobalSection
	GlobalSection(ProjectConfigurationPlatforms) = postSolution
		{98229F41-F626-409E-BE39-55F04064B64B}.Debug|Any CPU.ActiveCfg = Debug|Any CPU
		{98229F41-F626-409E-BE39-55F04064B64B}.Debug|Any CPU.Build.0 = Debug|Any CPU
		{98229F41-F626-409E-BE39-55F04064B64B}.Release|Any CPU.ActiveCfg = Release|Any CPU
		{98229F41-F626-409E-BE39-55F04064B64B}.Release|Any CPU.Build.0 = Release|Any CPU
		{EAD7E053-8184-42F3-93D2-D9899AAF11B0}.Debug|Any CPU.ActiveCfg = Debug|Any CPU
		{EAD7E053-8184-42F3-93D2-D9899AAF11B0}.Debug|Any CPU.Build.0 = Debug|Any CPU
		{EAD7E053-8184-42F3-93D2-D9899AAF11B0}.Release|Any CPU.ActiveCfg = Release|Any CPU
		{EAD7E053-8184-42F3-93D2-D9899AAF11B0}.Release|Any CPU.Build.0 = Release|Any CPU
	EndGlobalSection
	GlobalSection(SolutionProperties) = preSolution
		HideSolutionNode = FALSE
	EndGlobalSection
	GlobalSection(ExtensibilityGlobals) = postSolution
		SolutionGuid = {7A466569-9601-4A94-B11C-8DC8AB8FA763}
	EndGlobalSection
EndGlobal
